// !$*UTF8*$!
{
	archiveVersion = 1;
	classes = {
	};
	objectVersion = 50;
	objects = {

/* Begin PBXBuildFile section */
		24977C2524FD22DC00949BEA /* Classes.swift in Sources */ = {isa = PBXBuildFile; fileRef = 24977C2424FD22DC00949BEA /* Classes.swift */; };
		24FD437025001C7700129092 /* API.swift in Sources */ = {isa = PBXBuildFile; fileRef = 24FD436F25001C7700129092 /* API.swift */; };
		24FD437225001FF500129092 /* Tempo.swift in Sources */ = {isa = PBXBuildFile; fileRef = 24FD437125001FF500129092 /* Tempo.swift */; };
		AC9CCC3224FD10A100990B8B /* AppDelegate.swift in Sources */ = {isa = PBXBuildFile; fileRef = AC9CCC3124FD10A100990B8B /* AppDelegate.swift */; };
		AC9CCC3424FD10A100990B8B /* SceneDelegate.swift in Sources */ = {isa = PBXBuildFile; fileRef = AC9CCC3324FD10A100990B8B /* SceneDelegate.swift */; };
		AC9CCC3624FD10A100990B8B /* ViewController.swift in Sources */ = {isa = PBXBuildFile; fileRef = AC9CCC3524FD10A100990B8B /* ViewController.swift */; };
		AC9CCC3924FD10A100990B8B /* Main.storyboard in Resources */ = {isa = PBXBuildFile; fileRef = AC9CCC3724FD10A100990B8B /* Main.storyboard */; };
		AC9CCC3B24FD10A200990B8B /* Assets.xcassets in Resources */ = {isa = PBXBuildFile; fileRef = AC9CCC3A24FD10A200990B8B /* Assets.xcassets */; };
		AC9CCC3E24FD10A200990B8B /* LaunchScreen.storyboard in Resources */ = {isa = PBXBuildFile; fileRef = AC9CCC3C24FD10A200990B8B /* LaunchScreen.storyboard */; };
		AC9CCC4624FD477800990B8B /* TableViewLooksCell.swift in Sources */ = {isa = PBXBuildFile; fileRef = AC9CCC4524FD477800990B8B /* TableViewLooksCell.swift */; };
		AC9CCC4824FD5C3600990B8B /* TableViewNovoLookCell.swift in Sources */ = {isa = PBXBuildFile; fileRef = AC9CCC4724FD5C3600990B8B /* TableViewNovoLookCell.swift */; };
		AC9CCC4A24FD65E900990B8B /* CollectionViewLooksCell.swift in Sources */ = {isa = PBXBuildFile; fileRef = AC9CCC4924FD65E900990B8B /* CollectionViewLooksCell.swift */; };
		AC9CCC4C24FD79AC00990B8B /* CollectionViewNovoLookCell.swift in Sources */ = {isa = PBXBuildFile; fileRef = AC9CCC4B24FD79AC00990B8B /* CollectionViewNovoLookCell.swift */; };
		ACE6F10A24FFF56F00963E21 /* CollectionViewNovoLook2Cell.swift in Sources */ = {isa = PBXBuildFile; fileRef = ACE6F10924FFF56F00963E21 /* CollectionViewNovoLook2Cell.swift */; };
/* End PBXBuildFile section */

/* Begin PBXFileReference section */
		24977C2424FD22DC00949BEA /* Classes.swift */ = {isa = PBXFileReference; lastKnownFileType = sourcecode.swift; path = Classes.swift; sourceTree = "<group>"; };
		24FD436F25001C7700129092 /* API.swift */ = {isa = PBXFileReference; lastKnownFileType = sourcecode.swift; path = API.swift; sourceTree = "<group>"; };
		24FD437125001FF500129092 /* Tempo.swift */ = {isa = PBXFileReference; lastKnownFileType = sourcecode.swift; path = Tempo.swift; sourceTree = "<group>"; };
		AC9CCC2E24FD10A100990B8B /* NoCloset.app */ = {isa = PBXFileReference; explicitFileType = wrapper.application; includeInIndex = 0; path = NoCloset.app; sourceTree = BUILT_PRODUCTS_DIR; };
		AC9CCC3124FD10A100990B8B /* AppDelegate.swift */ = {isa = PBXFileReference; lastKnownFileType = sourcecode.swift; path = AppDelegate.swift; sourceTree = "<group>"; };
		AC9CCC3324FD10A100990B8B /* SceneDelegate.swift */ = {isa = PBXFileReference; lastKnownFileType = sourcecode.swift; path = SceneDelegate.swift; sourceTree = "<group>"; };
		AC9CCC3524FD10A100990B8B /* ViewController.swift */ = {isa = PBXFileReference; lastKnownFileType = sourcecode.swift; path = ViewController.swift; sourceTree = "<group>"; };
		AC9CCC3824FD10A100990B8B /* Base */ = {isa = PBXFileReference; lastKnownFileType = file.storyboard; name = Base; path = Base.lproj/Main.storyboard; sourceTree = "<group>"; };
		AC9CCC3A24FD10A200990B8B /* Assets.xcassets */ = {isa = PBXFileReference; lastKnownFileType = folder.assetcatalog; path = Assets.xcassets; sourceTree = "<group>"; };
		AC9CCC3D24FD10A200990B8B /* Base */ = {isa = PBXFileReference; lastKnownFileType = file.storyboard; name = Base; path = Base.lproj/LaunchScreen.storyboard; sourceTree = "<group>"; };
		AC9CCC3F24FD10A200990B8B /* Info.plist */ = {isa = PBXFileReference; lastKnownFileType = text.plist.xml; path = Info.plist; sourceTree = "<group>"; };
		AC9CCC4524FD477800990B8B /* TableViewLooksCell.swift */ = {isa = PBXFileReference; lastKnownFileType = sourcecode.swift; path = TableViewLooksCell.swift; sourceTree = "<group>"; };
		AC9CCC4724FD5C3600990B8B /* TableViewNovoLookCell.swift */ = {isa = PBXFileReference; lastKnownFileType = sourcecode.swift; path = TableViewNovoLookCell.swift; sourceTree = "<group>"; };
		AC9CCC4924FD65E900990B8B /* CollectionViewLooksCell.swift */ = {isa = PBXFileReference; lastKnownFileType = sourcecode.swift; path = CollectionViewLooksCell.swift; sourceTree = "<group>"; };
		AC9CCC4B24FD79AC00990B8B /* CollectionViewNovoLookCell.swift */ = {isa = PBXFileReference; lastKnownFileType = sourcecode.swift; path = CollectionViewNovoLookCell.swift; sourceTree = "<group>"; };
		ACE6F10924FFF56F00963E21 /* CollectionViewNovoLook2Cell.swift */ = {isa = PBXFileReference; lastKnownFileType = sourcecode.swift; path = CollectionViewNovoLook2Cell.swift; sourceTree = "<group>"; };
/* End PBXFileReference section */

/* Begin PBXFrameworksBuildPhase section */
		AC9CCC2B24FD10A100990B8B /* Frameworks */ = {
			isa = PBXFrameworksBuildPhase;
			buildActionMask = 2147483647;
			files = (
			);
			runOnlyForDeploymentPostprocessing = 0;
		};
/* End PBXFrameworksBuildPhase section */

/* Begin PBXGroup section */
		AC9CCC2524FD10A100990B8B = {
			isa = PBXGroup;
			children = (
				AC9CCC3024FD10A100990B8B /* NoCloset */,
				AC9CCC2F24FD10A100990B8B /* Products */,
			);
			sourceTree = "<group>";
		};
		AC9CCC2F24FD10A100990B8B /* Products */ = {
			isa = PBXGroup;
			children = (
				AC9CCC2E24FD10A100990B8B /* NoCloset.app */,
			);
			name = Products;
			sourceTree = "<group>";
		};
		AC9CCC3024FD10A100990B8B /* NoCloset */ = {
			isa = PBXGroup;
			children = (
				AC9CCC3124FD10A100990B8B /* AppDelegate.swift */,
				AC9CCC3324FD10A100990B8B /* SceneDelegate.swift */,
				AC9CCC3524FD10A100990B8B /* ViewController.swift */,
				24977C2424FD22DC00949BEA /* Classes.swift */,
				AC9CCC3724FD10A100990B8B /* Main.storyboard */,
				24FD437125001FF500129092 /* Tempo.swift */,
				24FD436F25001C7700129092 /* API.swift */,
				AC9CCC4B24FD79AC00990B8B /* CollectionViewNovoLookCell.swift */,
				ACE6F10924FFF56F00963E21 /* CollectionViewNovoLook2Cell.swift */,
				AC9CCC4524FD477800990B8B /* TableViewLooksCell.swift */,
				AC9CCC3A24FD10A200990B8B /* Assets.xcassets */,
				AC9CCC4724FD5C3600990B8B /* TableViewNovoLookCell.swift */,
				AC9CCC4924FD65E900990B8B /* CollectionViewLooksCell.swift */,
				AC9CCC3C24FD10A200990B8B /* LaunchScreen.storyboard */,
				AC9CCC3F24FD10A200990B8B /* Info.plist */,
			);
			path = NoCloset;
			sourceTree = "<group>";
		};
/* End PBXGroup section */

/* Begin PBXNativeTarget section */
		AC9CCC2D24FD10A100990B8B /* NoCloset */ = {
			isa = PBXNativeTarget;
			buildConfigurationList = AC9CCC4224FD10A200990B8B /* Build configuration list for PBXNativeTarget "NoCloset" */;
			buildPhases = (
				AC9CCC2A24FD10A100990B8B /* Sources */,
				AC9CCC2B24FD10A100990B8B /* Frameworks */,
				AC9CCC2C24FD10A100990B8B /* Resources */,
			);
			buildRules = (
			);
			dependencies = (
			);
			name = NoCloset;
			productName = NoCloset;
			productReference = AC9CCC2E24FD10A100990B8B /* NoCloset.app */;
			productType = "com.apple.product-type.application";
		};
/* End PBXNativeTarget section */

/* Begin PBXProject section */
		AC9CCC2624FD10A100990B8B /* Project object */ = {
			isa = PBXProject;
			attributes = {
				LastSwiftUpdateCheck = 1150;
				LastUpgradeCheck = 1150;
				ORGANIZATIONNAME = "Pedro Spínola";
				TargetAttributes = {
					AC9CCC2D24FD10A100990B8B = {
						CreatedOnToolsVersion = 11.5;
					};
				};
			};
			buildConfigurationList = AC9CCC2924FD10A100990B8B /* Build configuration list for PBXProject "NoCloset" */;
			compatibilityVersion = "Xcode 9.3";
			developmentRegion = en;
			hasScannedForEncodings = 0;
			knownRegions = (
				en,
				Base,
			);
			mainGroup = AC9CCC2524FD10A100990B8B;
			productRefGroup = AC9CCC2F24FD10A100990B8B /* Products */;
			projectDirPath = "";
			projectRoot = "";
			targets = (
				AC9CCC2D24FD10A100990B8B /* NoCloset */,
			);
		};
/* End PBXProject section */

/* Begin PBXResourcesBuildPhase section */
		AC9CCC2C24FD10A100990B8B /* Resources */ = {
			isa = PBXResourcesBuildPhase;
			buildActionMask = 2147483647;
			files = (
				AC9CCC3E24FD10A200990B8B /* LaunchScreen.storyboard in Resources */,
				AC9CCC3B24FD10A200990B8B /* Assets.xcassets in Resources */,
				AC9CCC3924FD10A100990B8B /* Main.storyboard in Resources */,
			);
			runOnlyForDeploymentPostprocessing = 0;
		};
/* End PBXResourcesBuildPhase section */

/* Begin PBXSourcesBuildPhase section */
		AC9CCC2A24FD10A100990B8B /* Sources */ = {
			isa = PBXSourcesBuildPhase;
			buildActionMask = 2147483647;
			files = (
				ACE6F10A24FFF56F00963E21 /* CollectionViewNovoLook2Cell.swift in Sources */,
				AC9CCC3624FD10A100990B8B /* ViewController.swift in Sources */,
				AC9CCC4A24FD65E900990B8B /* CollectionViewLooksCell.swift in Sources */,
				24FD437225001FF500129092 /* Tempo.swift in Sources */,
				AC9CCC4824FD5C3600990B8B /* TableViewNovoLookCell.swift in Sources */,
				24FD437025001C7700129092 /* API.swift in Sources */,
				AC9CCC3224FD10A100990B8B /* AppDelegate.swift in Sources */,
				24977C2524FD22DC00949BEA /* Classes.swift in Sources */,
				AC9CCC4624FD477800990B8B /* TableViewLooksCell.swift in Sources */,
				AC9CCC4C24FD79AC00990B8B /* CollectionViewNovoLookCell.swift in Sources */,
				AC9CCC3424FD10A100990B8B /* SceneDelegate.swift in Sources */,
			);
			runOnlyForDeploymentPostprocessing = 0;
		};
/* End PBXSourcesBuildPhase section */

/* Begin PBXVariantGroup section */
		AC9CCC3724FD10A100990B8B /* Main.storyboard */ = {
			isa = PBXVariantGroup;
			children = (
				AC9CCC3824FD10A100990B8B /* Base */,
			);
			name = Main.storyboard;
			sourceTree = "<group>";
		};
		AC9CCC3C24FD10A200990B8B /* LaunchScreen.storyboard */ = {
			isa = PBXVariantGroup;
			children = (
				AC9CCC3D24FD10A200990B8B /* Base */,
			);
			name = LaunchScreen.storyboard;
			sourceTree = "<group>";
		};
/* End PBXVariantGroup section */

/* Begin XCBuildConfiguration section */
		AC9CCC4024FD10A200990B8B /* Debug */ = {
			isa = XCBuildConfiguration;
			buildSettings = {
				ALWAYS_SEARCH_USER_PATHS = NO;
				CLANG_ANALYZER_NONNULL = YES;
				CLANG_ANALYZER_NUMBER_OBJECT_CONVERSION = YES_AGGRESSIVE;
				CLANG_CXX_LANGUAGE_STANDARD = "gnu++14";
				CLANG_CXX_LIBRARY = "libc++";
				CLANG_ENABLE_MODULES = YES;
				CLANG_ENABLE_OBJC_ARC = YES;
				CLANG_ENABLE_OBJC_WEAK = YES;
				CLANG_WARN_BLOCK_CAPTURE_AUTORELEASING = YES;
				CLANG_WARN_BOOL_CONVERSION = YES;
				CLANG_WARN_COMMA = YES;
				CLANG_WARN_CONSTANT_CONVERSION = YES;
				CLANG_WARN_DEPRECATED_OBJC_IMPLEMENTATIONS = YES;
				CLANG_WARN_DIRECT_OBJC_ISA_USAGE = YES_ERROR;
				CLANG_WARN_DOCUMENTATION_COMMENTS = YES;
				CLANG_WARN_EMPTY_BODY = YES;
				CLANG_WARN_ENUM_CONVERSION = YES;
				CLANG_WARN_INFINITE_RECURSION = YES;
				CLANG_WARN_INT_CONVERSION = YES;
				CLANG_WARN_NON_LITERAL_NULL_CONVERSION = YES;
				CLANG_WARN_OBJC_IMPLICIT_RETAIN_SELF = YES;
				CLANG_WARN_OBJC_LITERAL_CONVERSION = YES;
				CLANG_WARN_OBJC_ROOT_CLASS = YES_ERROR;
				CLANG_WARN_RANGE_LOOP_ANALYSIS = YES;
				CLANG_WARN_STRICT_PROTOTYPES = YES;
				CLANG_WARN_SUSPICIOUS_MOVE = YES;
				CLANG_WARN_UNGUARDED_AVAILABILITY = YES_AGGRESSIVE;
				CLANG_WARN_UNREACHABLE_CODE = YES;
				CLANG_WARN__DUPLICATE_METHOD_MATCH = YES;
				COPY_PHASE_STRIP = NO;
				DEBUG_INFORMATION_FORMAT = dwarf;
				ENABLE_STRICT_OBJC_MSGSEND = YES;
				ENABLE_TESTABILITY = YES;
				GCC_C_LANGUAGE_STANDARD = gnu11;
				GCC_DYNAMIC_NO_PIC = NO;
				GCC_NO_COMMON_BLOCKS = YES;
				GCC_OPTIMIZATION_LEVEL = 0;
				GCC_PREPROCESSOR_DEFINITIONS = (
					"DEBUG=1",
					"$(inherited)",
				);
				GCC_WARN_64_TO_32_BIT_CONVERSION = YES;
				GCC_WARN_ABOUT_RETURN_TYPE = YES_ERROR;
				GCC_WARN_UNDECLARED_SELECTOR = YES;
				GCC_WARN_UNINITIALIZED_AUTOS = YES_AGGRESSIVE;
				GCC_WARN_UNUSED_FUNCTION = YES;
				GCC_WARN_UNUSED_VARIABLE = YES;
				IPHONEOS_DEPLOYMENT_TARGET = 13.5;
				MTL_ENABLE_DEBUG_INFO = INCLUDE_SOURCE;
				MTL_FAST_MATH = YES;
				ONLY_ACTIVE_ARCH = YES;
				SDKROOT = iphoneos;
				SWIFT_ACTIVE_COMPILATION_CONDITIONS = DEBUG;
				SWIFT_OPTIMIZATION_LEVEL = "-Onone";
			};
			name = Debug;
		};
		AC9CCC4124FD10A200990B8B /* Release */ = {
			isa = XCBuildConfiguration;
			buildSettings = {
				ALWAYS_SEARCH_USER_PATHS = NO;
				CLANG_ANALYZER_NONNULL = YES;
				CLANG_ANALYZER_NUMBER_OBJECT_CONVERSION = YES_AGGRESSIVE;
				CLANG_CXX_LANGUAGE_STANDARD = "gnu++14";
				CLANG_CXX_LIBRARY = "libc++";
				CLANG_ENABLE_MODULES = YES;
				CLANG_ENABLE_OBJC_ARC = YES;
				CLANG_ENABLE_OBJC_WEAK = YES;
				CLANG_WARN_BLOCK_CAPTURE_AUTORELEASING = YES;
				CLANG_WARN_BOOL_CONVERSION = YES;
				CLANG_WARN_COMMA = YES;
				CLANG_WARN_CONSTANT_CONVERSION = YES;
				CLANG_WARN_DEPRECATED_OBJC_IMPLEMENTATIONS = YES;
				CLANG_WARN_DIRECT_OBJC_ISA_USAGE = YES_ERROR;
				CLANG_WARN_DOCUMENTATION_COMMENTS = YES;
				CLANG_WARN_EMPTY_BODY = YES;
				CLANG_WARN_ENUM_CONVERSION = YES;
				CLANG_WARN_INFINITE_RECURSION = YES;
				CLANG_WARN_INT_CONVERSION = YES;
				CLANG_WARN_NON_LITERAL_NULL_CONVERSION = YES;
				CLANG_WARN_OBJC_IMPLICIT_RETAIN_SELF = YES;
				CLANG_WARN_OBJC_LITERAL_CONVERSION = YES;
				CLANG_WARN_OBJC_ROOT_CLASS = YES_ERROR;
				CLANG_WARN_RANGE_LOOP_ANALYSIS = YES;
				CLANG_WARN_STRICT_PROTOTYPES = YES;
				CLANG_WARN_SUSPICIOUS_MOVE = YES;
				CLANG_WARN_UNGUARDED_AVAILABILITY = YES_AGGRESSIVE;
				CLANG_WARN_UNREACHABLE_CODE = YES;
				CLANG_WARN__DUPLICATE_METHOD_MATCH = YES;
				COPY_PHASE_STRIP = NO;
				DEBUG_INFORMATION_FORMAT = "dwarf-with-dsym";
				ENABLE_NS_ASSERTIONS = NO;
				ENABLE_STRICT_OBJC_MSGSEND = YES;
				GCC_C_LANGUAGE_STANDARD = gnu11;
				GCC_NO_COMMON_BLOCKS = YES;
				GCC_WARN_64_TO_32_BIT_CONVERSION = YES;
				GCC_WARN_ABOUT_RETURN_TYPE = YES_ERROR;
				GCC_WARN_UNDECLARED_SELECTOR = YES;
				GCC_WARN_UNINITIALIZED_AUTOS = YES_AGGRESSIVE;
				GCC_WARN_UNUSED_FUNCTION = YES;
				GCC_WARN_UNUSED_VARIABLE = YES;
				IPHONEOS_DEPLOYMENT_TARGET = 13.5;
				MTL_ENABLE_DEBUG_INFO = NO;
				MTL_FAST_MATH = YES;
				SDKROOT = iphoneos;
				SWIFT_COMPILATION_MODE = wholemodule;
				SWIFT_OPTIMIZATION_LEVEL = "-O";
				VALIDATE_PRODUCT = YES;
			};
			name = Release;
		};
		AC9CCC4324FD10A200990B8B /* Debug */ = {
			isa = XCBuildConfiguration;
			buildSettings = {
				ASSETCATALOG_COMPILER_APPICON_NAME = AppIcon;
				CODE_SIGN_STYLE = Automatic;
				DEVELOPMENT_TEAM = CT66845T5J;
				INFOPLIST_FILE = NoCloset/Info.plist;
				LD_RUNPATH_SEARCH_PATHS = (
					"$(inherited)",
					"@executable_path/Frameworks",
				);
				PRODUCT_BUNDLE_IDENTIFIER = phsa.NoCloset;
				PRODUCT_NAME = "$(TARGET_NAME)";
				SWIFT_VERSION = 5.0;
				TARGETED_DEVICE_FAMILY = "1,2";
			};
			name = Debug;
		};
		AC9CCC4424FD10A200990B8B /* Release */ = {
			isa = XCBuildConfiguration;
			buildSettings = {
				ASSETCATALOG_COMPILER_APPICON_NAME = AppIcon;
				CODE_SIGN_STYLE = Automatic;
				DEVELOPMENT_TEAM = CT66845T5J;
				INFOPLIST_FILE = NoCloset/Info.plist;
				LD_RUNPATH_SEARCH_PATHS = (
					"$(inherited)",
					"@executable_path/Frameworks",
				);
				PRODUCT_BUNDLE_IDENTIFIER = phsa.NoCloset;
				PRODUCT_NAME = "$(TARGET_NAME)";
				SWIFT_VERSION = 5.0;
				TARGETED_DEVICE_FAMILY = "1,2";
			};
			name = Release;
		};
/* End XCBuildConfiguration section */

/* Begin XCConfigurationList section */
		AC9CCC2924FD10A100990B8B /* Build configuration list for PBXProject "NoCloset" */ = {
			isa = XCConfigurationList;
			buildConfigurations = (
				AC9CCC4024FD10A200990B8B /* Debug */,
				AC9CCC4124FD10A200990B8B /* Release */,
			);
			defaultConfigurationIsVisible = 0;
			defaultConfigurationName = Release;
		};
		AC9CCC4224FD10A200990B8B /* Build configuration list for PBXNativeTarget "NoCloset" */ = {
			isa = XCConfigurationList;
			buildConfigurations = (
				AC9CCC4324FD10A200990B8B /* Debug */,
				AC9CCC4424FD10A200990B8B /* Release */,
			);
			defaultConfigurationIsVisible = 0;
			defaultConfigurationName = Release;
		};
/* End XCConfigurationList section */
	};
	rootObject = AC9CCC2624FD10A100990B8B /* Project object */;
}
